
Microsoft Visual Studio Solution File, Format Version 12.00
# Visual Studio 15
Project("{FAE04EC0-301F-11D3-BF4B-00C04F79EFBC}") = "UnityEngine.UI", "UnityEngine.UI.csproj", "{5AB69636-F8D5-FFF9-87C8-4908C1A6A845}"
EndProject
Project("{FAE04EC0-301F-11D3-BF4B-00C04F79EFBC}") = "UnityEngine.TestRunner", "UnityEngine.TestRunner.csproj", "{014142BD-5046-8295-1E54-B7CEE99FBFA5}"
EndProject
Project("{FAE04EC0-301F-11D3-BF4B-00C04F79EFBC}") = "Unity.VisualScripting.Flow", "Unity.VisualScripting.Flow.csproj", "{B513BB78-C9DA-07F0-13DC-844EF370ADF0}"
EndProject
Project("{FAE04EC0-301F-11D3-BF4B-00C04F79EFBC}") = "Unity.Services.Core.Telemetry", "Unity.Services.Core.Telemetry.csproj", "{02ED8B3A-8DFE-C263-353D-0EF14614E819}"
EndProject
Project("{FAE04EC0-301F-11D3-BF4B-00C04F79EFBC}") = "Unity.VisualScripting.State", "Unity.VisualScripting.State.csproj", "{493A8D65-3604-76A4-8CF3-9336663577EE}"
EndProject
Project("{FAE04EC0-301F-11D3-BF4B-00C04F79EFBC}") = "Unity.VisualScripting.Core", "Unity.VisualScripting.Core.csproj", "{F7C1908F-AAB8-D95C-9547-25AAF330103B}"
EndProject
Project("{FAE04EC0-301F-11D3-BF4B-00C04F79EFBC}") = "Unity.Services.Core.Environments.Internal", "Unity.Services.Core.Environments.Internal.csproj", "{21193425-2694-6147-C169-1C1828C3269A}"
EndProject
Project("{FAE04EC0-301F-11D3-BF4B-00C04F79EFBC}") = "Unity.TextMeshPro", "Unity.TextMeshPro.csproj", "{E84FBB32-9DD2-CA7E-4F3C-41B08277963C}"
EndProject
Project("{FAE04EC0-301F-11D3-BF4B-00C04F79EFBC}") = "Unity.Timeline", "Unity.Timeline.csproj", "{1109B7D8-E6A8-73D8-C778-491E832822D7}"
EndProject
Project("{FAE04EC0-301F-11D3-BF4B-00C04F79EFBC}") = "Unity.Services.Core", "Unity.Services.Core.csproj", "{E9255673-91D2-FDD8-9D08-C7EAF88FD795}"
EndProject
Project("{FAE04EC0-301F-11D3-BF4B-00C04F79EFBC}") = "Unity.Services.Core.Environments", "Unity.Services.Core.Environments.csproj", "{5AFB8E6C-C941-1876-FA36-3EB733A93EA1}"
EndProject
Project("{FAE04EC0-301F-11D3-BF4B-00C04F79EFBC}") = "Unity.Services.Core.Internal", "Unity.Services.Core.Internal.csproj", "{9BDCD94E-3F28-C356-17C4-63E143D589E5}"
EndProject
Project("{FAE04EC0-301F-11D3-BF4B-00C04F79EFBC}") = "Unity.Services.Core.Analytics", "Unity.Services.Core.Analytics.csproj", "{F20E904E-B208-C8FF-0D3F-9C2CF6C09065}"
EndProject
Project("{FAE04EC0-301F-11D3-BF4B-00C04F79EFBC}") = "Unity.Services.Core.Scheduler", "Unity.Services.Core.Scheduler.csproj", "{8AC984B3-7797-7590-6A89-D71CCA115F4C}"
EndProject
Project("{FAE04EC0-301F-11D3-BF4B-00C04F79EFBC}") = "Unity.Services.Core.Registration", "Unity.Services.Core.Registration.csproj", "{F48567A0-D367-103F-2171-52C3B8AB8374}"
EndProject
Project("{FAE04EC0-301F-11D3-BF4B-00C04F79EFBC}") = "Unity.Services.Core.Device", "Unity.Services.Core.Device.csproj", "{C9EEA853-5A00-54F0-0C7D-E61B47FDD3AB}"
EndProject
Project("{FAE04EC0-301F-11D3-BF4B-00C04F79EFBC}") = "Unity.Services.Core.Threading", "Unity.Services.Core.Threading.csproj", "{CA433F0C-0C16-14CC-E374-08B49F2AD293}"
EndProject
Project("{FAE04EC0-301F-11D3-BF4B-00C04F79EFBC}") = "Unity.Services.Core.Networking", "Unity.Services.Core.Networking.csproj", "{465A4288-AE67-F2EA-9801-A112986848C8}"
EndProject
Project("{FAE04EC0-301F-11D3-BF4B-00C04F79EFBC}") = "Assembly-CSharp", "Assembly-CSharp.csproj", "{D968F9D0-9742-2D95-0909-E9505A43ED36}"
EndProject
Project("{FAE04EC0-301F-11D3-BF4B-00C04F79EFBC}") = "Unity.Services.Core.Configuration", "Unity.Services.Core.Configuration.csproj", "{42797C46-B620-65B7-52D2-1155DA9EDB63}"
EndProject
Project("{FAE04EC0-301F-11D3-BF4B-00C04F79EFBC}") = "Unity.PlasticSCM.Editor", "Unity.PlasticSCM.Editor.csproj", "{1D7863F0-7B76-A0E7-4447-27FCA17BF8C3}"
EndProject
Project("{FAE04EC0-301F-11D3-BF4B-00C04F79EFBC}") = "Unity.VisualScripting.Core.Editor", "Unity.VisualScripting.Core.Editor.csproj", "{85C497C3-9936-D314-243F-C58F90460C2A}"
EndProject
Project("{FAE04EC0-301F-11D3-BF4B-00C04F79EFBC}") = "Unity.VisualScripting.Flow.Editor", "Unity.VisualScripting.Flow.Editor.csproj", "{3062183F-9F87-826B-5252-51BABF78461D}"
EndProject
Project("{FAE04EC0-301F-11D3-BF4B-00C04F79EFBC}") = "Unity.VisualStudio.Editor", "Unity.VisualStudio.Editor.csproj", "{ECD79581-02F3-2F99-6984-52D9C7703BDE}"
EndProject
Project("{FAE04EC0-301F-11D3-BF4B-00C04F79EFBC}") = "Unity.Timeline.Editor", "Unity.Timeline.Editor.csproj", "{45E970E8-09F4-3491-AAEB-A0E4FBC09EA8}"
EndProject
Project("{FAE04EC0-301F-11D3-BF4B-00C04F79EFBC}") = "Unity.VisualScripting.State.Editor", "Unity.VisualScripting.State.Editor.csproj", "{CEACB107-CAC7-D077-F638-5AA55EDA61EA}"
EndProject
Project("{FAE04EC0-301F-11D3-BF4B-00C04F79EFBC}") = "Unity.TextMeshPro.Editor", "Unity.TextMeshPro.Editor.csproj", "{9D0FA680-F613-535E-99E5-E54409782FC7}"
EndProject
Project("{FAE04EC0-301F-11D3-BF4B-00C04F79EFBC}") = "Unity.VisualScripting.SettingsProvider.Editor", "Unity.VisualScripting.SettingsProvider.Editor.csproj", "{C7EDDE47-60A3-A85B-D9D8-3E7649B6B4D3}"
EndProject
Project("{FAE04EC0-301F-11D3-BF4B-00C04F79EFBC}") = "Unity.CollabProxy.Editor", "Unity.CollabProxy.Editor.csproj", "{D45B8C6B-50E0-1EF4-DBA0-4798F456DE32}"
EndProject
Project("{FAE04EC0-301F-11D3-BF4B-00C04F79EFBC}") = "UnityEditor.TestRunner", "UnityEditor.TestRunner.csproj", "{847ADDD8-B76A-251F-6BEF-6C7ACA8A3766}"
EndProject
Project("{FAE04EC0-301F-11D3-BF4B-00C04F79EFBC}") = "Unity.Services.Core.Editor", "Unity.Services.Core.Editor.csproj", "{8528ECD1-EBE1-D121-C03F-7D46DFB6E4DD}"
EndProject
Project("{FAE04EC0-301F-11D3-BF4B-00C04F79EFBC}") = "Unity.TestTools.CodeCoverage.Editor", "Unity.TestTools.CodeCoverage.Editor.csproj", "{3B2B37A3-7C41-8392-1CFB-9F35B7E29D21}"
EndProject
Project("{FAE04EC0-301F-11D3-BF4B-00C04F79EFBC}") = "Unity.Rider.Editor", "Unity.Rider.Editor.csproj", "{A383642E-BE24-A317-541E-25080E78EDB3}"
EndProject
Project("{FAE04EC0-301F-11D3-BF4B-00C04F79EFBC}") = "Unity.Performance.Profile-Analyzer.Editor", "Unity.Performance.Profile-Analyzer.Editor.csproj", "{00519165-7AA0-5B8D-7BAE-198789F11039}"
EndProject
Project("{FAE04EC0-301F-11D3-BF4B-00C04F79EFBC}") = "Unity.VSCode.Editor", "Unity.VSCode.Editor.csproj", "{14DD8CF8-FA40-5552-1BD0-64DA3F786CA4}"
EndProject
Project("{FAE04EC0-301F-11D3-BF4B-00C04F79EFBC}") = "UnityEditor.UI", "UnityEditor.UI.csproj", "{2E2F3112-DB26-B834-9C37-CBA959B7345F}"
EndProject
Project("{FAE04EC0-301F-11D3-BF4B-00C04F79EFBC}") = "Unity.TestTools.CodeCoverage.Editor.OpenCover.Model", "Unity.TestTools.CodeCoverage.Editor.OpenCover.Model.csproj", "{736DDC94-E269-3F74-3323-C4D64B4467B9}"
EndProject
Project("{FAE04EC0-301F-11D3-BF4B-00C04F79EFBC}") = "Unity.EditorCoroutines.Editor", "Unity.EditorCoroutines.Editor.csproj", "{2C11AFE4-9E5C-CF15-A542-073274CE90B9}"
EndProject
Project("{FAE04EC0-301F-11D3-BF4B-00C04F79EFBC}") = "Unity.Settings.Editor", "Unity.Settings.Editor.csproj", "{0419E6D3-32FF-04B3-682F-A81220072DDB}"
EndProject
Project("{FAE04EC0-301F-11D3-BF4B-00C04F79EFBC}") = "Unity.Services.Core.Configuration.Editor", "Unity.Services.Core.Configuration.Editor.csproj", "{84E593FB-641B-4252-070C-97AD97145935}"
EndProject
Project("{FAE04EC0-301F-11D3-BF4B-00C04F79EFBC}") = "Unity.TestTools.CodeCoverage.Editor.OpenCover.Mono.Reflection", "Unity.TestTools.CodeCoverage.Editor.OpenCover.Mono.Reflection.csproj", "{44478E06-739A-F54F-D521-00AC23A93A50}"
EndProject
Project("{FAE04EC0-301F-11D3-BF4B-00C04F79EFBC}") = "Unity.VisualScripting.Shared.Editor", "Unity.VisualScripting.Shared.Editor.csproj", "{A4BA0A37-44B5-4E5D-0CF9-8CED0040212F}"
EndProject
Project("{FAE04EC0-301F-11D3-BF4B-00C04F79EFBC}") = "UnityEngine.UI", "UnityEngine.UI.Player.csproj", "{69E46B19-09E5-3511-F578-2C6751AFD2AD}"
EndProject
Project("{FAE04EC0-301F-11D3-BF4B-00C04F79EFBC}") = "UnityEngine.TestRunner", "UnityEngine.TestRunner.Player.csproj", "{851A17BC-1504-344A-CFEE-DFEDD2EA82FD}"
EndProject
Project("{FAE04EC0-301F-11D3-BF4B-00C04F79EFBC}") = "Unity.VisualScripting.Flow", "Unity.VisualScripting.Flow.Player.csproj", "{1C72BE91-F09E-7D33-9064-A7036D7AD2C3}"
EndProject
Project("{FAE04EC0-301F-11D3-BF4B-00C04F79EFBC}") = "Unity.Services.Core.Telemetry", "Unity.Services.Core.Telemetry.Player.csproj", "{DAF68BB1-CF63-FB98-B50F-FB3919996F8F}"
EndProject
Project("{FAE04EC0-301F-11D3-BF4B-00C04F79EFBC}") = "Unity.VisualScripting.State", "Unity.VisualScripting.State.Player.csproj", "{17E8CB1E-7908-F1A5-6FD4-57B608DFC389}"
EndProject
Project("{FAE04EC0-301F-11D3-BF4B-00C04F79EFBC}") = "Unity.VisualScripting.Core", "Unity.VisualScripting.Core.Player.csproj", "{57B0E831-7598-71A9-E5F2-81ACA43A1137}"
EndProject
Project("{FAE04EC0-301F-11D3-BF4B-00C04F79EFBC}") = "Unity.Services.Core.Environments.Internal", "Unity.Services.Core.Environments.Internal.Player.csproj", "{23DFCAF3-6E30-70F4-E935-805B713355AE}"
EndProject
Project("{FAE04EC0-301F-11D3-BF4B-00C04F79EFBC}") = "Unity.TextMeshPro", "Unity.TextMeshPro.Player.csproj", "{80B5AB97-54AF-CEDB-80CB-F22B7B33449F}"
EndProject
Project("{FAE04EC0-301F-11D3-BF4B-00C04F79EFBC}") = "Unity.Timeline", "Unity.Timeline.Player.csproj", "{2BA610A8-F4F3-4D4F-839E-5A049EEFECE9}"
EndProject
Project("{FAE04EC0-301F-11D3-BF4B-00C04F79EFBC}") = "Unity.Services.Core", "Unity.Services.Core.Player.csproj", "{2AB3E8B2-7CF6-67F6-63E4-89990BD45B56}"
EndProject
Project("{FAE04EC0-301F-11D3-BF4B-00C04F79EFBC}") = "Unity.Services.Core.Environments", "Unity.Services.Core.Environments.Player.csproj", "{2DD231CD-AA50-5160-2266-907F55E2A1BA}"
EndProject
Project("{FAE04EC0-301F-11D3-BF4B-00C04F79EFBC}") = "Unity.Services.Core.Internal", "Unity.Services.Core.Internal.Player.csproj", "{EB67A50C-4799-5392-7CD0-E30763D4E590}"
EndProject
Project("{FAE04EC0-301F-11D3-BF4B-00C04F79EFBC}") = "Unity.Services.Core.Analytics", "Unity.Services.Core.Analytics.Player.csproj", "{AD3DE4DB-C88F-3930-B625-4839B7181364}"
EndProject
Project("{FAE04EC0-301F-11D3-BF4B-00C04F79EFBC}") = "Unity.Services.Core.Scheduler", "Unity.Services.Core.Scheduler.Player.csproj", "{F9ABB45C-FDD0-C0C5-E800-EF8E20A7615B}"
EndProject
Project("{FAE04EC0-301F-11D3-BF4B-00C04F79EFBC}") = "Unity.Services.Core.Registration", "Unity.Services.Core.Registration.Player.csproj", "{1E18A11A-27E3-189B-BE1E-619A1740A09A}"
EndProject
Project("{FAE04EC0-301F-11D3-BF4B-00C04F79EFBC}") = "Unity.Services.Core.Device", "Unity.Services.Core.Device.Player.csproj", "{DE2952E1-AADA-4F5A-8A07-5B1687C348BC}"
EndProject
Project("{FAE04EC0-301F-11D3-BF4B-00C04F79EFBC}") = "Unity.Services.Core.Threading", "Unity.Services.Core.Threading.Player.csproj", "{B6777BC9-1769-3C49-BAD4-1E8363800A17}"
EndProject
Project("{FAE04EC0-301F-11D3-BF4B-00C04F79EFBC}") = "Unity.Services.Core.Networking", "Unity.Services.Core.Networking.Player.csproj", "{FEF39F04-1754-7229-ECF1-8FD82B32CBA5}"
EndProject
Project("{FAE04EC0-301F-11D3-BF4B-00C04F79EFBC}") = "Assembly-CSharp", "Assembly-CSharp.Player.csproj", "{AEF68F5D-D7B1-DB29-31F7-C91F7CDA4C89}"
EndProject
Project("{FAE04EC0-301F-11D3-BF4B-00C04F79EFBC}") = "Unity.Services.Core.Configuration", "Unity.Services.Core.Configuration.Player.csproj", "{6D9CFF32-F048-D603-3A2E-31D1145B408B}"
EndProject
Global
	GlobalSection(SolutionConfigurationPlatforms) = preSolution
		Debug|Any CPU = Debug|Any CPU
		Release|Any CPU = Release|Any CPU
	EndGlobalSection
	GlobalSection(ProjectConfigurationPlatforms) = postSolution
		{5AB69636-F8D5-FFF9-87C8-4908C1A6A845}.Debug|Any CPU.ActiveCfg = Debug|Any CPU
		{5AB69636-F8D5-FFF9-87C8-4908C1A6A845}.Debug|Any CPU.Build.0 = Debug|Any CPU
		{5AB69636-F8D5-FFF9-87C8-4908C1A6A845}.Release|Any CPU.ActiveCfg = Release|Any CPU
		{5AB69636-F8D5-FFF9-87C8-4908C1A6A845}.Release|Any CPU.Build.0 = Release|Any CPU
		{014142BD-5046-8295-1E54-B7CEE99FBFA5}.Debug|Any CPU.ActiveCfg = Debug|Any CPU
		{014142BD-5046-8295-1E54-B7CEE99FBFA5}.Debug|Any CPU.Build.0 = Debug|Any CPU
		{014142BD-5046-8295-1E54-B7CEE99FBFA5}.Release|Any CPU.ActiveCfg = Release|Any CPU
		{014142BD-5046-8295-1E54-B7CEE99FBFA5}.Release|Any CPU.Build.0 = Release|Any CPU
		{B513BB78-C9DA-07F0-13DC-844EF370ADF0}.Debug|Any CPU.ActiveCfg = Debug|Any CPU
		{B513BB78-C9DA-07F0-13DC-844EF370ADF0}.Debug|Any CPU.Build.0 = Debug|Any CPU
		{B513BB78-C9DA-07F0-13DC-844EF370ADF0}.Release|Any CPU.ActiveCfg = Release|Any CPU
		{B513BB78-C9DA-07F0-13DC-844EF370ADF0}.Release|Any CPU.Build.0 = Release|Any CPU
		{02ED8B3A-8DFE-C263-353D-0EF14614E819}.Debug|Any CPU.ActiveCfg = Debug|Any CPU
		{02ED8B3A-8DFE-C263-353D-0EF14614E819}.Debug|Any CPU.Build.0 = Debug|Any CPU
		{02ED8B3A-8DFE-C263-353D-0EF14614E819}.Release|Any CPU.ActiveCfg = Release|Any CPU
		{02ED8B3A-8DFE-C263-353D-0EF14614E819}.Release|Any CPU.Build.0 = Release|Any CPU
		{493A8D65-3604-76A4-8CF3-9336663577EE}.Debug|Any CPU.ActiveCfg = Debug|Any CPU
		{493A8D65-3604-76A4-8CF3-9336663577EE}.Debug|Any CPU.Build.0 = Debug|Any CPU
		{493A8D65-3604-76A4-8CF3-9336663577EE}.Release|Any CPU.ActiveCfg = Release|Any CPU
		{493A8D65-3604-76A4-8CF3-9336663577EE}.Release|Any CPU.Build.0 = Release|Any CPU
		{F7C1908F-AAB8-D95C-9547-25AAF330103B}.Debug|Any CPU.ActiveCfg = Debug|Any CPU
		{F7C1908F-AAB8-D95C-9547-25AAF330103B}.Debug|Any CPU.Build.0 = Debug|Any CPU
		{F7C1908F-AAB8-D95C-9547-25AAF330103B}.Release|Any CPU.ActiveCfg = Release|Any CPU
		{F7C1908F-AAB8-D95C-9547-25AAF330103B}.Release|Any CPU.Build.0 = Release|Any CPU
		{21193425-2694-6147-C169-1C1828C3269A}.Debug|Any CPU.ActiveCfg = Debug|Any CPU
		{21193425-2694-6147-C169-1C1828C3269A}.Debug|Any CPU.Build.0 = Debug|Any CPU
		{21193425-2694-6147-C169-1C1828C3269A}.Release|Any CPU.ActiveCfg = Release|Any CPU
		{21193425-2694-6147-C169-1C1828C3269A}.Release|Any CPU.Build.0 = Release|Any CPU
		{E84FBB32-9DD2-CA7E-4F3C-41B08277963C}.Debug|Any CPU.ActiveCfg = Debug|Any CPU
		{E84FBB32-9DD2-CA7E-4F3C-41B08277963C}.Debug|Any CPU.Build.0 = Debug|Any CPU
		{E84FBB32-9DD2-CA7E-4F3C-41B08277963C}.Release|Any CPU.ActiveCfg = Release|Any CPU
		{E84FBB32-9DD2-CA7E-4F3C-41B08277963C}.Release|Any CPU.Build.0 = Release|Any CPU
		{1109B7D8-E6A8-73D8-C778-491E832822D7}.Debug|Any CPU.ActiveCfg = Debug|Any CPU
		{1109B7D8-E6A8-73D8-C778-491E832822D7}.Debug|Any CPU.Build.0 = Debug|Any CPU
		{1109B7D8-E6A8-73D8-C778-491E832822D7}.Release|Any CPU.ActiveCfg = Release|Any CPU
		{1109B7D8-E6A8-73D8-C778-491E832822D7}.Release|Any CPU.Build.0 = Release|Any CPU
		{E9255673-91D2-FDD8-9D08-C7EAF88FD795}.Debug|Any CPU.ActiveCfg = Debug|Any CPU
		{E9255673-91D2-FDD8-9D08-C7EAF88FD795}.Debug|Any CPU.Build.0 = Debug|Any CPU
		{E9255673-91D2-FDD8-9D08-C7EAF88FD795}.Release|Any CPU.ActiveCfg = Release|Any CPU
		{E9255673-91D2-FDD8-9D08-C7EAF88FD795}.Release|Any CPU.Build.0 = Release|Any CPU
		{5AFB8E6C-C941-1876-FA36-3EB733A93EA1}.Debug|Any CPU.ActiveCfg = Debug|Any CPU
		{5AFB8E6C-C941-1876-FA36-3EB733A93EA1}.Debug|Any CPU.Build.0 = Debug|Any CPU
		{5AFB8E6C-C941-1876-FA36-3EB733A93EA1}.Release|Any CPU.ActiveCfg = Release|Any CPU
		{5AFB8E6C-C941-1876-FA36-3EB733A93EA1}.Release|Any CPU.Build.0 = Release|Any CPU
		{9BDCD94E-3F28-C356-17C4-63E143D589E5}.Debug|Any CPU.ActiveCfg = Debug|Any CPU
		{9BDCD94E-3F28-C356-17C4-63E143D589E5}.Debug|Any CPU.Build.0 = Debug|Any CPU
		{9BDCD94E-3F28-C356-17C4-63E143D589E5}.Release|Any CPU.ActiveCfg = Release|Any CPU
		{9BDCD94E-3F28-C356-17C4-63E143D589E5}.Release|Any CPU.Build.0 = Release|Any CPU
		{F20E904E-B208-C8FF-0D3F-9C2CF6C09065}.Debug|Any CPU.ActiveCfg = Debug|Any CPU
		{F20E904E-B208-C8FF-0D3F-9C2CF6C09065}.Debug|Any CPU.Build.0 = Debug|Any CPU
		{F20E904E-B208-C8FF-0D3F-9C2CF6C09065}.Release|Any CPU.ActiveCfg = Release|Any CPU
		{F20E904E-B208-C8FF-0D3F-9C2CF6C09065}.Release|Any CPU.Build.0 = Release|Any CPU
		{8AC984B3-7797-7590-6A89-D71CCA115F4C}.Debug|Any CPU.ActiveCfg = Debug|Any CPU
		{8AC984B3-7797-7590-6A89-D71CCA115F4C}.Debug|Any CPU.Build.0 = Debug|Any CPU
		{8AC984B3-7797-7590-6A89-D71CCA115F4C}.Release|Any CPU.ActiveCfg = Release|Any CPU
		{8AC984B3-7797-7590-6A89-D71CCA115F4C}.Release|Any CPU.Build.0 = Release|Any CPU
		{F48567A0-D367-103F-2171-52C3B8AB8374}.Debug|Any CPU.ActiveCfg = Debug|Any CPU
		{F48567A0-D367-103F-2171-52C3B8AB8374}.Debug|Any CPU.Build.0 = Debug|Any CPU
		{F48567A0-D367-103F-2171-52C3B8AB8374}.Release|Any CPU.ActiveCfg = Release|Any CPU
		{F48567A0-D367-103F-2171-52C3B8AB8374}.Release|Any CPU.Build.0 = Release|Any CPU
		{C9EEA853-5A00-54F0-0C7D-E61B47FDD3AB}.Debug|Any CPU.ActiveCfg = Debug|Any CPU
		{C9EEA853-5A00-54F0-0C7D-E61B47FDD3AB}.Debug|Any CPU.Build.0 = Debug|Any CPU
		{C9EEA853-5A00-54F0-0C7D-E61B47FDD3AB}.Release|Any CPU.ActiveCfg = Release|Any CPU
		{C9EEA853-5A00-54F0-0C7D-E61B47FDD3AB}.Release|Any CPU.Build.0 = Release|Any CPU
		{CA433F0C-0C16-14CC-E374-08B49F2AD293}.Debug|Any CPU.ActiveCfg = Debug|Any CPU
		{CA433F0C-0C16-14CC-E374-08B49F2AD293}.Debug|Any CPU.Build.0 = Debug|Any CPU
		{CA433F0C-0C16-14CC-E374-08B49F2AD293}.Release|Any CPU.ActiveCfg = Release|Any CPU
		{CA433F0C-0C16-14CC-E374-08B49F2AD293}.Release|Any CPU.Build.0 = Release|Any CPU
		{465A4288-AE67-F2EA-9801-A112986848C8}.Debug|Any CPU.ActiveCfg = Debug|Any CPU
		{465A4288-AE67-F2EA-9801-A112986848C8}.Debug|Any CPU.Build.0 = Debug|Any CPU
		{465A4288-AE67-F2EA-9801-A112986848C8}.Release|Any CPU.ActiveCfg = Release|Any CPU
		{465A4288-AE67-F2EA-9801-A112986848C8}.Release|Any CPU.Build.0 = Release|Any CPU
		{D968F9D0-9742-2D95-0909-E9505A43ED36}.Debug|Any CPU.ActiveCfg = Debug|Any CPU
		{D968F9D0-9742-2D95-0909-E9505A43ED36}.Debug|Any CPU.Build.0 = Debug|Any CPU
		{D968F9D0-9742-2D95-0909-E9505A43ED36}.Release|Any CPU.ActiveCfg = Release|Any CPU
		{D968F9D0-9742-2D95-0909-E9505A43ED36}.Release|Any CPU.Build.0 = Release|Any CPU
		{42797C46-B620-65B7-52D2-1155DA9EDB63}.Debug|Any CPU.ActiveCfg = Debug|Any CPU
		{42797C46-B620-65B7-52D2-1155DA9EDB63}.Debug|Any CPU.Build.0 = Debug|Any CPU
		{42797C46-B620-65B7-52D2-1155DA9EDB63}.Release|Any CPU.ActiveCfg = Release|Any CPU
		{42797C46-B620-65B7-52D2-1155DA9EDB63}.Release|Any CPU.Build.0 = Release|Any CPU
		{1D7863F0-7B76-A0E7-4447-27FCA17BF8C3}.Debug|Any CPU.ActiveCfg = Debug|Any CPU
		{1D7863F0-7B76-A0E7-4447-27FCA17BF8C3}.Debug|Any CPU.Build.0 = Debug|Any CPU
		{1D7863F0-7B76-A0E7-4447-27FCA17BF8C3}.Release|Any CPU.ActiveCfg = Release|Any CPU
		{1D7863F0-7B76-A0E7-4447-27FCA17BF8C3}.Release|Any CPU.Build.0 = Release|Any CPU
		{85C497C3-9936-D314-243F-C58F90460C2A}.Debug|Any CPU.ActiveCfg = Debug|Any CPU
		{85C497C3-9936-D314-243F-C58F90460C2A}.Debug|Any CPU.Build.0 = Debug|Any CPU
		{85C497C3-9936-D314-243F-C58F90460C2A}.Release|Any CPU.ActiveCfg = Release|Any CPU
		{85C497C3-9936-D314-243F-C58F90460C2A}.Release|Any CPU.Build.0 = Release|Any CPU
		{3062183F-9F87-826B-5252-51BABF78461D}.Debug|Any CPU.ActiveCfg = Debug|Any CPU
		{3062183F-9F87-826B-5252-51BABF78461D}.Debug|Any CPU.Build.0 = Debug|Any CPU
		{3062183F-9F87-826B-5252-51BABF78461D}.Release|Any CPU.ActiveCfg = Release|Any CPU
		{3062183F-9F87-826B-5252-51BABF78461D}.Release|Any CPU.Build.0 = Release|Any CPU
		{ECD79581-02F3-2F99-6984-52D9C7703BDE}.Debug|Any CPU.ActiveCfg = Debug|Any CPU
		{ECD79581-02F3-2F99-6984-52D9C7703BDE}.Debug|Any CPU.Build.0 = Debug|Any CPU
		{ECD79581-02F3-2F99-6984-52D9C7703BDE}.Release|Any CPU.ActiveCfg = Release|Any CPU
		{ECD79581-02F3-2F99-6984-52D9C7703BDE}.Release|Any CPU.Build.0 = Release|Any CPU
		{45E970E8-09F4-3491-AAEB-A0E4FBC09EA8}.Debug|Any CPU.ActiveCfg = Debug|Any CPU
		{45E970E8-09F4-3491-AAEB-A0E4FBC09EA8}.Debug|Any CPU.Build.0 = Debug|Any CPU
		{45E970E8-09F4-3491-AAEB-A0E4FBC09EA8}.Release|Any CPU.ActiveCfg = Release|Any CPU
		{45E970E8-09F4-3491-AAEB-A0E4FBC09EA8}.Release|Any CPU.Build.0 = Release|Any CPU
		{CEACB107-CAC7-D077-F638-5AA55EDA61EA}.Debug|Any CPU.ActiveCfg = Debug|Any CPU
		{CEACB107-CAC7-D077-F638-5AA55EDA61EA}.Debug|Any CPU.Build.0 = Debug|Any CPU
		{CEACB107-CAC7-D077-F638-5AA55EDA61EA}.Release|Any CPU.ActiveCfg = Release|Any CPU
		{CEACB107-CAC7-D077-F638-5AA55EDA61EA}.Release|Any CPU.Build.0 = Release|Any CPU
		{9D0FA680-F613-535E-99E5-E54409782FC7}.Debug|Any CPU.ActiveCfg = Debug|Any CPU
		{9D0FA680-F613-535E-99E5-E54409782FC7}.Debug|Any CPU.Build.0 = Debug|Any CPU
		{9D0FA680-F613-535E-99E5-E54409782FC7}.Release|Any CPU.ActiveCfg = Release|Any CPU
		{9D0FA680-F613-535E-99E5-E54409782FC7}.Release|Any CPU.Build.0 = Release|Any CPU
		{C7EDDE47-60A3-A85B-D9D8-3E7649B6B4D3}.Debug|Any CPU.ActiveCfg = Debug|Any CPU
		{C7EDDE47-60A3-A85B-D9D8-3E7649B6B4D3}.Debug|Any CPU.Build.0 = Debug|Any CPU
		{C7EDDE47-60A3-A85B-D9D8-3E7649B6B4D3}.Release|Any CPU.ActiveCfg = Release|Any CPU
		{C7EDDE47-60A3-A85B-D9D8-3E7649B6B4D3}.Release|Any CPU.Build.0 = Release|Any CPU
		{D45B8C6B-50E0-1EF4-DBA0-4798F456DE32}.Debug|Any CPU.ActiveCfg = Debug|Any CPU
		{D45B8C6B-50E0-1EF4-DBA0-4798F456DE32}.Debug|Any CPU.Build.0 = Debug|Any CPU
		{D45B8C6B-50E0-1EF4-DBA0-4798F456DE32}.Release|Any CPU.ActiveCfg = Release|Any CPU
		{D45B8C6B-50E0-1EF4-DBA0-4798F456DE32}.Release|Any CPU.Build.0 = Release|Any CPU
		{847ADDD8-B76A-251F-6BEF-6C7ACA8A3766}.Debug|Any CPU.ActiveCfg = Debug|Any CPU
		{847ADDD8-B76A-251F-6BEF-6C7ACA8A3766}.Debug|Any CPU.Build.0 = Debug|Any CPU
		{847ADDD8-B76A-251F-6BEF-6C7ACA8A3766}.Release|Any CPU.ActiveCfg = Release|Any CPU
		{847ADDD8-B76A-251F-6BEF-6C7ACA8A3766}.Release|Any CPU.Build.0 = Release|Any CPU
		{8528ECD1-EBE1-D121-C03F-7D46DFB6E4DD}.Debug|Any CPU.ActiveCfg = Debug|Any CPU
		{8528ECD1-EBE1-D121-C03F-7D46DFB6E4DD}.Debug|Any CPU.Build.0 = Debug|Any CPU
		{8528ECD1-EBE1-D121-C03F-7D46DFB6E4DD}.Release|Any CPU.ActiveCfg = Release|Any CPU
		{8528ECD1-EBE1-D121-C03F-7D46DFB6E4DD}.Release|Any CPU.Build.0 = Release|Any CPU
		{3B2B37A3-7C41-8392-1CFB-9F35B7E29D21}.Debug|Any CPU.ActiveCfg = Debug|Any CPU
		{3B2B37A3-7C41-8392-1CFB-9F35B7E29D21}.Debug|Any CPU.Build.0 = Debug|Any CPU
		{3B2B37A3-7C41-8392-1CFB-9F35B7E29D21}.Release|Any CPU.ActiveCfg = Release|Any CPU
		{3B2B37A3-7C41-8392-1CFB-9F35B7E29D21}.Release|Any CPU.Build.0 = Release|Any CPU
		{A383642E-BE24-A317-541E-25080E78EDB3}.Debug|Any CPU.ActiveCfg = Debug|Any CPU
		{A383642E-BE24-A317-541E-25080E78EDB3}.Debug|Any CPU.Build.0 = Debug|Any CPU
		{A383642E-BE24-A317-541E-25080E78EDB3}.Release|Any CPU.ActiveCfg = Release|Any CPU
		{A383642E-BE24-A317-541E-25080E78EDB3}.Release|Any CPU.Build.0 = Release|Any CPU
		{00519165-7AA0-5B8D-7BAE-198789F11039}.Debug|Any CPU.ActiveCfg = Debug|Any CPU
		{00519165-7AA0-5B8D-7BAE-198789F11039}.Debug|Any CPU.Build.0 = Debug|Any CPU
		{00519165-7AA0-5B8D-7BAE-198789F11039}.Release|Any CPU.ActiveCfg = Release|Any CPU
		{00519165-7AA0-5B8D-7BAE-198789F11039}.Release|Any CPU.Build.0 = Release|Any CPU
		{14DD8CF8-FA40-5552-1BD0-64DA3F786CA4}.Debug|Any CPU.ActiveCfg = Debug|Any CPU
		{14DD8CF8-FA40-5552-1BD0-64DA3F786CA4}.Debug|Any CPU.Build.0 = Debug|Any CPU
		{14DD8CF8-FA40-5552-1BD0-64DA3F786CA4}.Release|Any CPU.ActiveCfg = Release|Any CPU
		{14DD8CF8-FA40-5552-1BD0-64DA3F786CA4}.Release|Any CPU.Build.0 = Release|Any CPU
		{2E2F3112-DB26-B834-9C37-CBA959B7345F}.Debug|Any CPU.ActiveCfg = Debug|Any CPU
		{2E2F3112-DB26-B834-9C37-CBA959B7345F}.Debug|Any CPU.Build.0 = Debug|Any CPU
		{2E2F3112-DB26-B834-9C37-CBA959B7345F}.Release|Any CPU.ActiveCfg = Release|Any CPU
		{2E2F3112-DB26-B834-9C37-CBA959B7345F}.Release|Any CPU.Build.0 = Release|Any CPU
		{736DDC94-E269-3F74-3323-C4D64B4467B9}.Debug|Any CPU.ActiveCfg = Debug|Any CPU
		{736DDC94-E269-3F74-3323-C4D64B4467B9}.Debug|Any CPU.Build.0 = Debug|Any CPU
		{736DDC94-E269-3F74-3323-C4D64B4467B9}.Release|Any CPU.ActiveCfg = Release|Any CPU
		{736DDC94-E269-3F74-3323-C4D64B4467B9}.Release|Any CPU.Build.0 = Release|Any CPU
		{2C11AFE4-9E5C-CF15-A542-073274CE90B9}.Debug|Any CPU.ActiveCfg = Debug|Any CPU
		{2C11AFE4-9E5C-CF15-A542-073274CE90B9}.Debug|Any CPU.Build.0 = Debug|Any CPU
		{2C11AFE4-9E5C-CF15-A542-073274CE90B9}.Release|Any CPU.ActiveCfg = Release|Any CPU
		{2C11AFE4-9E5C-CF15-A542-073274CE90B9}.Release|Any CPU.Build.0 = Release|Any CPU
		{0419E6D3-32FF-04B3-682F-A81220072DDB}.Debug|Any CPU.ActiveCfg = Debug|Any CPU
		{0419E6D3-32FF-04B3-682F-A81220072DDB}.Debug|Any CPU.Build.0 = Debug|Any CPU
		{0419E6D3-32FF-04B3-682F-A81220072DDB}.Release|Any CPU.ActiveCfg = Release|Any CPU
		{0419E6D3-32FF-04B3-682F-A81220072DDB}.Release|Any CPU.Build.0 = Release|Any CPU
		{84E593FB-641B-4252-070C-97AD97145935}.Debug|Any CPU.ActiveCfg = Debug|Any CPU
		{84E593FB-641B-4252-070C-97AD97145935}.Debug|Any CPU.Build.0 = Debug|Any CPU
		{84E593FB-641B-4252-070C-97AD97145935}.Release|Any CPU.ActiveCfg = Release|Any CPU
		{84E593FB-641B-4252-070C-97AD97145935}.Release|Any CPU.Build.0 = Release|Any CPU
		{44478E06-739A-F54F-D521-00AC23A93A50}.Debug|Any CPU.ActiveCfg = Debug|Any CPU
		{44478E06-739A-F54F-D521-00AC23A93A50}.Debug|Any CPU.Build.0 = Debug|Any CPU
		{44478E06-739A-F54F-D521-00AC23A93A50}.Release|Any CPU.ActiveCfg = Release|Any CPU
		{44478E06-739A-F54F-D521-00AC23A93A50}.Release|Any CPU.Build.0 = Release|Any CPU
		{A4BA0A37-44B5-4E5D-0CF9-8CED0040212F}.Debug|Any CPU.ActiveCfg = Debug|Any CPU
		{A4BA0A37-44B5-4E5D-0CF9-8CED0040212F}.Debug|Any CPU.Build.0 = Debug|Any CPU
		{A4BA0A37-44B5-4E5D-0CF9-8CED0040212F}.Release|Any CPU.ActiveCfg = Release|Any CPU
		{A4BA0A37-44B5-4E5D-0CF9-8CED0040212F}.Release|Any CPU.Build.0 = Release|Any CPU
		{69E46B19-09E5-3511-F578-2C6751AFD2AD}.Debug|Any CPU.ActiveCfg = Debug|Any CPU
		{69E46B19-09E5-3511-F578-2C6751AFD2AD}.Debug|Any CPU.Build.0 = Debug|Any CPU
		{69E46B19-09E5-3511-F578-2C6751AFD2AD}.Release|Any CPU.ActiveCfg = Release|Any CPU
		{69E46B19-09E5-3511-F578-2C6751AFD2AD}.Release|Any CPU.Build.0 = Release|Any CPU
		{851A17BC-1504-344A-CFEE-DFEDD2EA82FD}.Debug|Any CPU.ActiveCfg = Debug|Any CPU
		{851A17BC-1504-344A-CFEE-DFEDD2EA82FD}.Debug|Any CPU.Build.0 = Debug|Any CPU
		{851A17BC-1504-344A-CFEE-DFEDD2EA82FD}.Release|Any CPU.ActiveCfg = Release|Any CPU
		{851A17BC-1504-344A-CFEE-DFEDD2EA82FD}.Release|Any CPU.Build.0 = Release|Any CPU
		{1C72BE91-F09E-7D33-9064-A7036D7AD2C3}.Debug|Any CPU.ActiveCfg = Debug|Any CPU
		{1C72BE91-F09E-7D33-9064-A7036D7AD2C3}.Debug|Any CPU.Build.0 = Debug|Any CPU
		{1C72BE91-F09E-7D33-9064-A7036D7AD2C3}.Release|Any CPU.ActiveCfg = Release|Any CPU
		{1C72BE91-F09E-7D33-9064-A7036D7AD2C3}.Release|Any CPU.Build.0 = Release|Any CPU
		{DAF68BB1-CF63-FB98-B50F-FB3919996F8F}.Debug|Any CPU.ActiveCfg = Debug|Any CPU
		{DAF68BB1-CF63-FB98-B50F-FB3919996F8F}.Debug|Any CPU.Build.0 = Debug|Any CPU
		{DAF68BB1-CF63-FB98-B50F-FB3919996F8F}.Release|Any CPU.ActiveCfg = Release|Any CPU
		{DAF68BB1-CF63-FB98-B50F-FB3919996F8F}.Release|Any CPU.Build.0 = Release|Any CPU
		{17E8CB1E-7908-F1A5-6FD4-57B608DFC389}.Debug|Any CPU.ActiveCfg = Debug|Any CPU
		{17E8CB1E-7908-F1A5-6FD4-57B608DFC389}.Debug|Any CPU.Build.0 = Debug|Any CPU
		{17E8CB1E-7908-F1A5-6FD4-57B608DFC389}.Release|Any CPU.ActiveCfg = Release|Any CPU
		{17E8CB1E-7908-F1A5-6FD4-57B608DFC389}.Release|Any CPU.Build.0 = Release|Any CPU
		{57B0E831-7598-71A9-E5F2-81ACA43A1137}.Debug|Any CPU.ActiveCfg = Debug|Any CPU
		{57B0E831-7598-71A9-E5F2-81ACA43A1137}.Debug|Any CPU.Build.0 = Debug|Any CPU
		{57B0E831-7598-71A9-E5F2-81ACA43A1137}.Release|Any CPU.ActiveCfg = Release|Any CPU
		{57B0E831-7598-71A9-E5F2-81ACA43A1137}.Release|Any CPU.Build.0 = Release|Any CPU
		{23DFCAF3-6E30-70F4-E935-805B713355AE}.Debug|Any CPU.ActiveCfg = Debug|Any CPU
		{23DFCAF3-6E30-70F4-E935-805B713355AE}.Debug|Any CPU.Build.0 = Debug|Any CPU
		{23DFCAF3-6E30-70F4-E935-805B713355AE}.Release|Any CPU.ActiveCfg = Release|Any CPU
		{23DFCAF3-6E30-70F4-E935-805B713355AE}.Release|Any CPU.Build.0 = Release|Any CPU
		{80B5AB97-54AF-CEDB-80CB-F22B7B33449F}.Debug|Any CPU.ActiveCfg = Debug|Any CPU
		{80B5AB97-54AF-CEDB-80CB-F22B7B33449F}.Debug|Any CPU.Build.0 = Debug|Any CPU
		{80B5AB97-54AF-CEDB-80CB-F22B7B33449F}.Release|Any CPU.ActiveCfg = Release|Any CPU
		{80B5AB97-54AF-CEDB-80CB-F22B7B33449F}.Release|Any CPU.Build.0 = Release|Any CPU
		{2BA610A8-F4F3-4D4F-839E-5A049EEFECE9}.Debug|Any CPU.ActiveCfg = Debug|Any CPU
		{2BA610A8-F4F3-4D4F-839E-5A049EEFECE9}.Debug|Any CPU.Build.0 = Debug|Any CPU
		{2BA610A8-F4F3-4D4F-839E-5A049EEFECE9}.Release|Any CPU.ActiveCfg = Release|Any CPU
		{2BA610A8-F4F3-4D4F-839E-5A049EEFECE9}.Release|Any CPU.Build.0 = Release|Any CPU
		{2AB3E8B2-7CF6-67F6-63E4-89990BD45B56}.Debug|Any CPU.ActiveCfg = Debug|Any CPU
		{2AB3E8B2-7CF6-67F6-63E4-89990BD45B56}.Debug|Any CPU.Build.0 = Debug|Any CPU
		{2AB3E8B2-7CF6-67F6-63E4-89990BD45B56}.Release|Any CPU.ActiveCfg = Release|Any CPU
		{2AB3E8B2-7CF6-67F6-63E4-89990BD45B56}.Release|Any CPU.Build.0 = Release|Any CPU
		{2DD231CD-AA50-5160-2266-907F55E2A1BA}.Debug|Any CPU.ActiveCfg = Debug|Any CPU
		{2DD231CD-AA50-5160-2266-907F55E2A1BA}.Debug|Any CPU.Build.0 = Debug|Any CPU
		{2DD231CD-AA50-5160-2266-907F55E2A1BA}.Release|Any CPU.ActiveCfg = Release|Any CPU
		{2DD231CD-AA50-5160-2266-907F55E2A1BA}.Release|Any CPU.Build.0 = Release|Any CPU
		{EB67A50C-4799-5392-7CD0-E30763D4E590}.Debug|Any CPU.ActiveCfg = Debug|Any CPU
		{EB67A50C-4799-5392-7CD0-E30763D4E590}.Debug|Any CPU.Build.0 = Debug|Any CPU
		{EB67A50C-4799-5392-7CD0-E30763D4E590}.Release|Any CPU.ActiveCfg = Release|Any CPU
		{EB67A50C-4799-5392-7CD0-E30763D4E590}.Release|Any CPU.Build.0 = Release|Any CPU
		{AD3DE4DB-C88F-3930-B625-4839B7181364}.Debug|Any CPU.ActiveCfg = Debug|Any CPU
		{AD3DE4DB-C88F-3930-B625-4839B7181364}.Debug|Any CPU.Build.0 = Debug|Any CPU
		{AD3DE4DB-C88F-3930-B625-4839B7181364}.Release|Any CPU.ActiveCfg = Release|Any CPU
		{AD3DE4DB-C88F-3930-B625-4839B7181364}.Release|Any CPU.Build.0 = Release|Any CPU
		{F9ABB45C-FDD0-C0C5-E800-EF8E20A7615B}.Debug|Any CPU.ActiveCfg = Debug|Any CPU
		{F9ABB45C-FDD0-C0C5-E800-EF8E20A7615B}.Debug|Any CPU.Build.0 = Debug|Any CPU
		{F9ABB45C-FDD0-C0C5-E800-EF8E20A7615B}.Release|Any CPU.ActiveCfg = Release|Any CPU
		{F9ABB45C-FDD0-C0C5-E800-EF8E20A7615B}.Release|Any CPU.Build.0 = Release|Any CPU
		{1E18A11A-27E3-189B-BE1E-619A1740A09A}.Debug|Any CPU.ActiveCfg = Debug|Any CPU
		{1E18A11A-27E3-189B-BE1E-619A1740A09A}.Debug|Any CPU.Build.0 = Debug|Any CPU
		{1E18A11A-27E3-189B-BE1E-619A1740A09A}.Release|Any CPU.ActiveCfg = Release|Any CPU
		{1E18A11A-27E3-189B-BE1E-619A1740A09A}.Release|Any CPU.Build.0 = Release|Any CPU
		{DE2952E1-AADA-4F5A-8A07-5B1687C348BC}.Debug|Any CPU.ActiveCfg = Debug|Any CPU
		{DE2952E1-AADA-4F5A-8A07-5B1687C348BC}.Debug|Any CPU.Build.0 = Debug|Any CPU
		{DE2952E1-AADA-4F5A-8A07-5B1687C348BC}.Release|Any CPU.ActiveCfg = Release|Any CPU
		{DE2952E1-AADA-4F5A-8A07-5B1687C348BC}.Release|Any CPU.Build.0 = Release|Any CPU
		{B6777BC9-1769-3C49-BAD4-1E8363800A17}.Debug|Any CPU.ActiveCfg = Debug|Any CPU
		{B6777BC9-1769-3C49-BAD4-1E8363800A17}.Debug|Any CPU.Build.0 = Debug|Any CPU
		{B6777BC9-1769-3C49-BAD4-1E8363800A17}.Release|Any CPU.ActiveCfg = Release|Any CPU
		{B6777BC9-1769-3C49-BAD4-1E8363800A17}.Release|Any CPU.Build.0 = Release|Any CPU
		{FEF39F04-1754-7229-ECF1-8FD82B32CBA5}.Debug|Any CPU.ActiveCfg = Debug|Any CPU
		{FEF39F04-1754-7229-ECF1-8FD82B32CBA5}.Debug|Any CPU.Build.0 = Debug|Any CPU
		{FEF39F04-1754-7229-ECF1-8FD82B32CBA5}.Release|Any CPU.ActiveCfg = Release|Any CPU
		{FEF39F04-1754-7229-ECF1-8FD82B32CBA5}.Release|Any CPU.Build.0 = Release|Any CPU
		{AEF68F5D-D7B1-DB29-31F7-C91F7CDA4C89}.Debug|Any CPU.ActiveCfg = Debug|Any CPU
		{AEF68F5D-D7B1-DB29-31F7-C91F7CDA4C89}.Debug|Any CPU.Build.0 = Debug|Any CPU
		{AEF68F5D-D7B1-DB29-31F7-C91F7CDA4C89}.Release|Any CPU.ActiveCfg = Release|Any CPU
		{AEF68F5D-D7B1-DB29-31F7-C91F7CDA4C89}.Release|Any CPU.Build.0 = Release|Any CPU
		{6D9CFF32-F048-D603-3A2E-31D1145B408B}.Debug|Any CPU.ActiveCfg = Debug|Any CPU
		{6D9CFF32-F048-D603-3A2E-31D1145B408B}.Debug|Any CPU.Build.0 = Debug|Any CPU
		{6D9CFF32-F048-D603-3A2E-31D1145B408B}.Release|Any CPU.ActiveCfg = Release|Any CPU
		{6D9CFF32-F048-D603-3A2E-31D1145B408B}.Release|Any CPU.Build.0 = Release|Any CPU
	EndGlobalSection
	GlobalSection(SolutionProperties) = preSolution
		HideSolutionNode = FALSE
	EndGlobalSection
EndGlobal
